{
  "name": "miniprogram",
  "version": "1.0.0",
  "lockfileVersion": 1,
  "requires": true,
  "dependencies": {
    "@vant/weapp": {
      "version": "1.0.1",
      "resolved": "https://registry.npmjs.org/@vant/weapp/-/weapp-1.0.1.tgz",
      "integrity": "sha512-GqT957T66y3JX8aMuXNIUPbBsg5NxyKzfMrMrFR+7kzhDuieKcmir7WJFoVkGA00aED/Mw30om99x/BdFGdm0w=="
    },
    "lottie-miniprogram": {
      "version": "1.0.7",
      "resolved": "https://registry.npmjs.org/lottie-miniprogram/-/lottie-miniprogram-1.0.7.tgz",
      "integrity": "sha512-mAbrKYc4IUe/5TqI/biFVa0xHuj/TVRY+ijxOQATwTzM6qJelrM5m0WQyXzzLtSuQcUlhDXZWAEsZxDCsqTBAQ=="
    },
    "vant-weapp": {
      "version": "0.5.27",
      "resolved": "https://registry.npmjs.org/vant-weapp/-/vant-weapp-0.5.27.tgz",
      "integrity": "sha512-wmbpPWbpIk/Nl022Yfu0LNV+rSBPxnWTsZePVo6De4FxY3SWw47+Ip6rxLgdnG00/FntbymgvVw4xlaW+WmC+Q=="
    }
  }
}
